Microsoft Visual Studio Solution File, Format Version 11.00
# Visual Studio 2008

Project("{BB06C3B3-49A1-9DFF-491D-8F26F3FA61B6}") = "TowerDefence", "Assembly-CSharp-firstpass.csproj", "{D0B779D6-5D8C-BDFD-44EF-DB150906F05D}"
EndProject
Project("{BB06C3B3-49A1-9DFF-491D-8F26F3FA61B6}") = "TowerDefence", "Assembly-CSharp.csproj", "{28866EB0-7993-C171-348D-8535A8E3480D}"
EndProject
Project("{BB06C3B3-49A1-9DFF-491D-8F26F3FA61B6}") = "TowerDefence", "Assembly-CSharp-Editor.csproj", "{2AB0B55F-D70D-9F1E-8683-CE18D89D635F}"
EndProject
Project("{BB06C3B3-49A1-9DFF-491D-8F26F3FA61B6}") = "TowerDefence", "Assembly-UnityScript-firstpass.unityproj", "{0068763E-E576-3809-FEC6-815FF85C1758}"
EndProject
Project("{BB06C3B3-49A1-9DFF-491D-8F26F3FA61B6}") = "TowerDefence", "Assembly-UnityScript.unityproj", "{C0366CA2-DD8C-169A-0AC4-36BA819C4DAB}"
EndProject
Project("{BB06C3B3-49A1-9DFF-491D-8F26F3FA61B6}") = "TowerDefence", "Assembly-UnityScript-Editor.unityproj", "{5FFEB1BF-FB7F-F7B0-C36A-EFD18CAF9315}"
EndProject
Global
	GlobalSection(SolutionConfigurationPlatforms) = preSolution
		Debug|Any CPU = Debug|Any CPU
		Release|Any CPU = Release|Any CPU
	EndGlobalSection
	GlobalSection(ProjectConfigurationPlatforms) = postSolution
		{D0B779D6-5D8C-BDFD-44EF-DB150906F05D}.Debug|Any CPU.ActiveCfg = Debug|Any CPU
		{D0B779D6-5D8C-BDFD-44EF-DB150906F05D}.Debug|Any CPU.Build.0 = Debug|Any CPU
		{D0B779D6-5D8C-BDFD-44EF-DB150906F05D}.Release|Any CPU.ActiveCfg = Release|Any CPU
		{D0B779D6-5D8C-BDFD-44EF-DB150906F05D}.Release|Any CPU.Build.0 = Release|Any CPU
		{28866EB0-7993-C171-348D-8535A8E3480D}.Debug|Any CPU.ActiveCfg = Debug|Any CPU
		{28866EB0-7993-C171-348D-8535A8E3480D}.Debug|Any CPU.Build.0 = Debug|Any CPU
		{28866EB0-7993-C171-348D-8535A8E3480D}.Release|Any CPU.ActiveCfg = Release|Any CPU
		{28866EB0-7993-C171-348D-8535A8E3480D}.Release|Any CPU.Build.0 = Release|Any CPU
		{2AB0B55F-D70D-9F1E-8683-CE18D89D635F}.Debug|Any CPU.ActiveCfg = Debug|Any CPU
		{2AB0B55F-D70D-9F1E-8683-CE18D89D635F}.Debug|Any CPU.Build.0 = Debug|Any CPU
		{2AB0B55F-D70D-9F1E-8683-CE18D89D635F}.Release|Any CPU.ActiveCfg = Release|Any CPU
		{2AB0B55F-D70D-9F1E-8683-CE18D89D635F}.Release|Any CPU.Build.0 = Release|Any CPU
		{0068763E-E576-3809-FEC6-815FF85C1758}.Debug|Any CPU.ActiveCfg = Debug|Any CPU
		{0068763E-E576-3809-FEC6-815FF85C1758}.Debug|Any CPU.Build.0 = Debug|Any CPU
		{0068763E-E576-3809-FEC6-815FF85C1758}.Release|Any CPU.ActiveCfg = Release|Any CPU
		{0068763E-E576-3809-FEC6-815FF85C1758}.Release|Any CPU.Build.0 = Release|Any CPU
		{C0366CA2-DD8C-169A-0AC4-36BA819C4DAB}.Debug|Any CPU.ActiveCfg = Debug|Any CPU
		{C0366CA2-DD8C-169A-0AC4-36BA819C4DAB}.Debug|Any CPU.Build.0 = Debug|Any CPU
		{C0366CA2-DD8C-169A-0AC4-36BA819C4DAB}.Release|Any CPU.ActiveCfg = Release|Any CPU
		{C0366CA2-DD8C-169A-0AC4-36BA819C4DAB}.Release|Any CPU.Build.0 = Release|Any CPU
		{5FFEB1BF-FB7F-F7B0-C36A-EFD18CAF9315}.Debug|Any CPU.ActiveCfg = Debug|Any CPU
		{5FFEB1BF-FB7F-F7B0-C36A-EFD18CAF9315}.Debug|Any CPU.Build.0 = Debug|Any CPU
		{5FFEB1BF-FB7F-F7B0-C36A-EFD18CAF9315}.Release|Any CPU.ActiveCfg = Release|Any CPU
		{5FFEB1BF-FB7F-F7B0-C36A-EFD18CAF9315}.Release|Any CPU.Build.0 = Release|Any CPU
	EndGlobalSection
	GlobalSection(SolutionProperties) = preSolution
		HideSolutionNode = FALSE
	EndGlobalSection
																																																																																																																																																																																																																																																		GlobalSection(MonoDevelopProperties) = preSolution
		StartupItem = Assembly-CSharp.csproj
		Policies = $0
		$0.TextStylePolicy = $1
		$1.inheritsSet = null
		$1.scope = text/x-csharp
		$0.CSharpFormattingPolicy = $2
		$2.inheritsSet = Mono
		$2.inheritsScope = text/x-csharp
		$2.scope = text/x-csharp
		$0.TextStylePolicy = $3
		$3.FileWidth = 120
		$3.TabWidth = 4
		$3.EolMarker = Unix
		$3.inheritsSet = Mono
		$3.inheritsScope = text/plain
		$3.scope = text/plain
	EndGlobalSection

EndGlobal
